
Microsoft Visual Studio Solution File, Format Version 12.00
# Visual Studio Version 16
VisualStudioVersion = 16.0.31515.178
MinimumVisualStudioVersion = 10.0.40219.1
Project("{9A19103F-16F7-4668-BE54-9A1E7A4F7556}") = "TryLabBookLab1Q1", "TryLabBookLab1Q1\TryLabBookLab1Q1.csproj", "{DAD9F480-8A05-46A3-B91D-DB9DC7C6FB50}"
EndProject
Project("{9A19103F-16F7-4668-BE54-9A1E7A4F7556}") = "TryLabBookLab1Q2", "TryLabBookLab1Q2\TryLabBookLab1Q2.csproj", "{09BC189C-2A64-4016-839A-0AC981324486}"
EndProject
Project("{9A19103F-16F7-4668-BE54-9A1E7A4F7556}") = "TryLabBookLab1Q3", "LabBookLab1Q3\TryLabBookLab1Q3.csproj", "{11174420-5EEF-4CD6-87E1-9EE1FC0EE1C0}"
EndProject
Project("{9A19103F-16F7-4668-BE54-9A1E7A4F7556}") = "TryLabBookLab1Q4", "TryLabBookLab1Q4\TryLabBookLab1Q4.csproj", "{E7761D10-2135-4664-A78D-7588A81183BB}"
EndProject
Project("{9A19103F-16F7-4668-BE54-9A1E7A4F7556}") = "TryLabBookLab2Q1", "LabBookLab2Q1\TryLabBookLab2Q1.csproj", "{8FCA739B-6B17-412C-9D93-4B567D0CB5C5}"
EndProject
Project("{9A19103F-16F7-4668-BE54-9A1E7A4F7556}") = "TryLabBookLab2Q2", "TryLabBookLab2Q2\TryLabBookLab2Q2.csproj", "{D9368FC9-EDB2-433B-A663-5818B9CC7D1C}"
EndProject
Project("{9A19103F-16F7-4668-BE54-9A1E7A4F7556}") = "TryLabBookLab2Q3", "TryLabBookLab2Q3\TryLabBookLab2Q3.csproj", "{0E0606F0-9277-4395-BDC1-91E4E66E3CAF}"
EndProject
Project("{9A19103F-16F7-4668-BE54-9A1E7A4F7556}") = "TryLabBookLab2Q4", "TryLabBookLab2Q4\TryLabBookLab2Q4.csproj", "{5C7881E7-D21C-4855-A7CC-394E6B6682D1}"
EndProject
Project("{9A19103F-16F7-4668-BE54-9A1E7A4F7556}") = "TryLabBookLab3Q1", "TryLabBookLab3Q1\TryLabBookLab3Q1.csproj", "{F6677013-4BBB-4B73-BBCB-60C26216CA36}"
EndProject
Project("{9A19103F-16F7-4668-BE54-9A1E7A4F7556}") = "TryLabBookLab2Q5", "TryLabBookLab2Q5\TryLabBookLab2Q5.csproj", "{F9F4EF4C-938E-40A9-B61B-A557189B43CF}"
EndProject
Project("{9A19103F-16F7-4668-BE54-9A1E7A4F7556}") = "TryLabBookLab3Q3", "TryLabBookLab3Q3\TryLabBookLab3Q3.csproj", "{0716DD8A-03C8-4F13-B5B0-7E91F3083048}"
EndProject
Project("{FAE04EC0-301F-11D3-BF4B-00C04F79EFBC}") = "TryLabBookLab3Q4", "TryLabBookLab3Q4\TryLabBookLab3Q4.csproj", "{4450B1CB-D0AB-494E-A598-653F080414AC}"
EndProject
Project("{FAE04EC0-301F-11D3-BF4B-00C04F79EFBC}") = "TryLabBookLab4Q1", "TryLabBookLab4Q1\TryLabBookLab4Q1.csproj", "{8D65CDFC-EBF0-4370-A8A4-31B53B5717A4}"
EndProject
Project("{FAE04EC0-301F-11D3-BF4B-00C04F79EFBC}") = "TryLabBookLab4Q2", "TryLabBookLab4Q2\TryLabBookLab4Q2.csproj", "{2D77EDC5-99B0-48B2-B27D-276D5B466537}"
EndProject
Project("{FAE04EC0-301F-11D3-BF4B-00C04F79EFBC}") = "TryLabBookLab3Q2", "TryLabBookLab3Q2\TryLabBookLab3Q2.csproj", "{ED22D54F-2FD4-4F1D-9267-F6718D4FF78E}"
EndProject
Global
	GlobalSection(SolutionConfigurationPlatforms) = preSolution
		Debug|Any CPU = Debug|Any CPU
		Release|Any CPU = Release|Any CPU
	EndGlobalSection
	GlobalSection(ProjectConfigurationPlatforms) = postSolution
		{DAD9F480-8A05-46A3-B91D-DB9DC7C6FB50}.Debug|Any CPU.ActiveCfg = Debug|Any CPU
		{DAD9F480-8A05-46A3-B91D-DB9DC7C6FB50}.Debug|Any CPU.Build.0 = Debug|Any CPU
		{DAD9F480-8A05-46A3-B91D-DB9DC7C6FB50}.Release|Any CPU.ActiveCfg = Release|Any CPU
		{DAD9F480-8A05-46A3-B91D-DB9DC7C6FB50}.Release|Any CPU.Build.0 = Release|Any CPU
		{09BC189C-2A64-4016-839A-0AC981324486}.Debug|Any CPU.ActiveCfg = Debug|Any CPU
		{09BC189C-2A64-4016-839A-0AC981324486}.Debug|Any CPU.Build.0 = Debug|Any CPU
		{09BC189C-2A64-4016-839A-0AC981324486}.Release|Any CPU.ActiveCfg = Release|Any CPU
		{09BC189C-2A64-4016-839A-0AC981324486}.Release|Any CPU.Build.0 = Release|Any CPU
		{11174420-5EEF-4CD6-87E1-9EE1FC0EE1C0}.Debug|Any CPU.ActiveCfg = Debug|Any CPU
		{11174420-5EEF-4CD6-87E1-9EE1FC0EE1C0}.Debug|Any CPU.Build.0 = Debug|Any CPU
		{11174420-5EEF-4CD6-87E1-9EE1FC0EE1C0}.Release|Any CPU.ActiveCfg = Release|Any CPU
		{11174420-5EEF-4CD6-87E1-9EE1FC0EE1C0}.Release|Any CPU.Build.0 = Release|Any CPU
		{E7761D10-2135-4664-A78D-7588A81183BB}.Debug|Any CPU.ActiveCfg = Debug|Any CPU
		{E7761D10-2135-4664-A78D-7588A81183BB}.Debug|Any CPU.Build.0 = Debug|Any CPU
		{E7761D10-2135-4664-A78D-7588A81183BB}.Release|Any CPU.ActiveCfg = Release|Any CPU
		{E7761D10-2135-4664-A78D-7588A81183BB}.Release|Any CPU.Build.0 = Release|Any CPU
		{8FCA739B-6B17-412C-9D93-4B567D0CB5C5}.Debug|Any CPU.ActiveCfg = Debug|Any CPU
		{8FCA739B-6B17-412C-9D93-4B567D0CB5C5}.Debug|Any CPU.Build.0 = Debug|Any CPU
		{8FCA739B-6B17-412C-9D93-4B567D0CB5C5}.Release|Any CPU.ActiveCfg = Release|Any CPU
		{8FCA739B-6B17-412C-9D93-4B567D0CB5C5}.Release|Any CPU.Build.0 = Release|Any CPU
		{D9368FC9-EDB2-433B-A663-5818B9CC7D1C}.Debug|Any CPU.ActiveCfg = Debug|Any CPU
		{D9368FC9-EDB2-433B-A663-5818B9CC7D1C}.Debug|Any CPU.Build.0 = Debug|Any CPU
		{D9368FC9-EDB2-433B-A663-5818B9CC7D1C}.Release|Any CPU.ActiveCfg = Release|Any CPU
		{D9368FC9-EDB2-433B-A663-5818B9CC7D1C}.Release|Any CPU.Build.0 = Release|Any CPU
		{0E0606F0-9277-4395-BDC1-91E4E66E3CAF}.Debug|Any CPU.ActiveCfg = Debug|Any CPU
		{0E0606F0-9277-4395-BDC1-91E4E66E3CAF}.Debug|Any CPU.Build.0 = Debug|Any CPU
		{0E0606F0-9277-4395-BDC1-91E4E66E3CAF}.Release|Any CPU.ActiveCfg = Release|Any CPU
		{0E0606F0-9277-4395-BDC1-91E4E66E3CAF}.Release|Any CPU.Build.0 = Release|Any CPU
		{5C7881E7-D21C-4855-A7CC-394E6B6682D1}.Debug|Any CPU.ActiveCfg = Debug|Any CPU
		{5C7881E7-D21C-4855-A7CC-394E6B6682D1}.Debug|Any CPU.Build.0 = Debug|Any CPU
		{5C7881E7-D21C-4855-A7CC-394E6B6682D1}.Release|Any CPU.ActiveCfg = Release|Any CPU
		{5C7881E7-D21C-4855-A7CC-394E6B6682D1}.Release|Any CPU.Build.0 = Release|Any CPU
		{F6677013-4BBB-4B73-BBCB-60C26216CA36}.Debug|Any CPU.ActiveCfg = Debug|Any CPU
		{F6677013-4BBB-4B73-BBCB-60C26216CA36}.Debug|Any CPU.Build.0 = Debug|Any CPU
		{F6677013-4BBB-4B73-BBCB-60C26216CA36}.Release|Any CPU.ActiveCfg = Release|Any CPU
		{F6677013-4BBB-4B73-BBCB-60C26216CA36}.Release|Any CPU.Build.0 = Release|Any CPU
		{F9F4EF4C-938E-40A9-B61B-A557189B43CF}.Debug|Any CPU.ActiveCfg = Debug|Any CPU
		{F9F4EF4C-938E-40A9-B61B-A557189B43CF}.Debug|Any CPU.Build.0 = Debug|Any CPU
		{F9F4EF4C-938E-40A9-B61B-A557189B43CF}.Release|Any CPU.ActiveCfg = Release|Any CPU
		{F9F4EF4C-938E-40A9-B61B-A557189B43CF}.Release|Any CPU.Build.0 = Release|Any CPU
		{0716DD8A-03C8-4F13-B5B0-7E91F3083048}.Debug|Any CPU.ActiveCfg = Debug|Any CPU
		{0716DD8A-03C8-4F13-B5B0-7E91F3083048}.Debug|Any CPU.Build.0 = Debug|Any CPU
		{0716DD8A-03C8-4F13-B5B0-7E91F3083048}.Release|Any CPU.ActiveCfg = Release|Any CPU
		{0716DD8A-03C8-4F13-B5B0-7E91F3083048}.Release|Any CPU.Build.0 = Release|Any CPU
		{4450B1CB-D0AB-494E-A598-653F080414AC}.Debug|Any CPU.ActiveCfg = Debug|Any CPU
		{4450B1CB-D0AB-494E-A598-653F080414AC}.Debug|Any CPU.Build.0 = Debug|Any CPU
		{4450B1CB-D0AB-494E-A598-653F080414AC}.Release|Any CPU.ActiveCfg = Release|Any CPU
		{4450B1CB-D0AB-494E-A598-653F080414AC}.Release|Any CPU.Build.0 = Release|Any CPU
		{8D65CDFC-EBF0-4370-A8A4-31B53B5717A4}.Debug|Any CPU.ActiveCfg = Debug|Any CPU
		{8D65CDFC-EBF0-4370-A8A4-31B53B5717A4}.Debug|Any CPU.Build.0 = Debug|Any CPU
		{8D65CDFC-EBF0-4370-A8A4-31B53B5717A4}.Release|Any CPU.ActiveCfg = Release|Any CPU
		{8D65CDFC-EBF0-4370-A8A4-31B53B5717A4}.Release|Any CPU.Build.0 = Release|Any CPU
		{2D77EDC5-99B0-48B2-B27D-276D5B466537}.Debug|Any CPU.ActiveCfg = Debug|Any CPU
		{2D77EDC5-99B0-48B2-B27D-276D5B466537}.Debug|Any CPU.Build.0 = Debug|Any CPU
		{2D77EDC5-99B0-48B2-B27D-276D5B466537}.Release|Any CPU.ActiveCfg = Release|Any CPU
		{2D77EDC5-99B0-48B2-B27D-276D5B466537}.Release|Any CPU.Build.0 = Release|Any CPU
		{ED22D54F-2FD4-4F1D-9267-F6718D4FF78E}.Debug|Any CPU.ActiveCfg = Debug|Any CPU
		{ED22D54F-2FD4-4F1D-9267-F6718D4FF78E}.Debug|Any CPU.Build.0 = Debug|Any CPU
		{ED22D54F-2FD4-4F1D-9267-F6718D4FF78E}.Release|Any CPU.ActiveCfg = Release|Any CPU
		{ED22D54F-2FD4-4F1D-9267-F6718D4FF78E}.Release|Any CPU.Build.0 = Release|Any CPU
	EndGlobalSection
	GlobalSection(SolutionProperties) = preSolution
		HideSolutionNode = FALSE
	EndGlobalSection
	GlobalSection(ExtensibilityGlobals) = postSolution
		SolutionGuid = {567CB5B9-C535-4B3A-812D-0E1741765B04}
	EndGlobalSection
EndGlobal
